
Microsoft Visual Studio Solution File, Format Version 12.00
# Visual Studio Version 17
VisualStudioVersion = 17.5.002.0
MinimumVisualStudioVersion = 10.0.40219.1
Project("{9A19103F-16F7-4668-BE54-9A1E7A4F7556}") = "TrilhaApiDesafio", "TrilhaApiDesafio.csproj", "{08BCD064-B7C2-4146-881A-5E45271A38D1}"
EndProject
Global
	GlobalSection(SolutionConfigurationPlatforms) = preSolution
		Debug|Any CPU = Debug|Any CPU
		Release|Any CPU = Release|Any CPU
	EndGlobalSection
	GlobalSection(ProjectConfigurationPlatforms) = postSolution
		{08BCD064-B7C2-4146-881A-5E45271A38D1}.Debug|Any CPU.ActiveCfg = Debug|Any CPU
		{08BCD064-B7C2-4146-881A-5E45271A38D1}.Debug|Any CPU.Build.0 = Debug|Any CPU
		{08BCD064-B7C2-4146-881A-5E45271A38D1}.Release|Any CPU.ActiveCfg = Release|Any CPU
		{08BCD064-B7C2-4146-881A-5E45271A38D1}.Release|Any CPU.Build.0 = Release|Any CPU
	EndGlobalSection
	GlobalSection(SolutionProperties) = preSolution
		HideSolutionNode = FALSE
	EndGlobalSection
	GlobalSection(ExtensibilityGlobals) = postSolution
		SolutionGuid = {7AE7FEAE-F9DA-4156-ABE3-F37EA5482FFE}
	EndGlobalSection
EndGlobal
